// !$*UTF8*$!
{
	archiveVersion = 1;
	classes = {
	};
	objectVersion = 56;
	objects = {

/* Begin PBXBuildFile section */
		329F64242AC3F69F00B88D72 /* OwnDetailModel.swift in Sources */ = {isa = PBXBuildFile; fileRef = 329F64232AC3F69F00B88D72 /* OwnDetailModel.swift */; };
		32B23F4A2AC2A4C500F89DF7 /* OwnModel.swift in Sources */ = {isa = PBXBuildFile; fileRef = 32B23F492AC2A4C500F89DF7 /* OwnModel.swift */; };
		32B23F4E2AC2A4F200F89DF7 /* OwnJSONModel.swift in Sources */ = {isa = PBXBuildFile; fileRef = 32B23F4D2AC2A4F200F89DF7 /* OwnJSONModel.swift */; };
		32B23F502AC2A51100F89DF7 /* OwnQueryModel.swift in Sources */ = {isa = PBXBuildFile; fileRef = 32B23F4F2AC2A51100F89DF7 /* OwnQueryModel.swift */; };
		32B23F522AC2A54B00F89DF7 /* OwnHeaderImageModel.swift in Sources */ = {isa = PBXBuildFile; fileRef = 32B23F512AC2A54B00F89DF7 /* OwnHeaderImageModel.swift */; };
		32B23F542AC2A56A00F89DF7 /* OwnViewController.swift in Sources */ = {isa = PBXBuildFile; fileRef = 32B23F532AC2A56A00F89DF7 /* OwnViewController.swift */; };
		32B23F562AC2A91800F89DF7 /* OwnCollectionViewCell.swift in Sources */ = {isa = PBXBuildFile; fileRef = 32B23F552AC2A91800F89DF7 /* OwnCollectionViewCell.swift */; };
		32B23F5C2AC2E50000F89DF7 /* OwnDetailViewController.swift in Sources */ = {isa = PBXBuildFile; fileRef = 32B23F5B2AC2E50000F89DF7 /* OwnDetailViewController.swift */; };
		C320126A2AB94AAB00DA7360 /* MainTableViewCell.swift in Sources */ = {isa = PBXBuildFile; fileRef = C32012692AB94AAB00DA7360 /* MainTableViewCell.swift */; };
		C32012702AB967D200DA7360 /* MainDBModel.swift in Sources */ = {isa = PBXBuildFile; fileRef = C320126F2AB967D200DA7360 /* MainDBModel.swift */; };
		C32012722AB96A2900DA7360 /* MainQueryModel.swift in Sources */ = {isa = PBXBuildFile; fileRef = C32012712AB96A2900DA7360 /* MainQueryModel.swift */; };
		C32012742AB96D2500DA7360 /* MainJSONModel.swift in Sources */ = {isa = PBXBuildFile; fileRef = C32012732AB96D2500DA7360 /* MainJSONModel.swift */; };
		C3BB77922AB7DE52004B0049 /* AppDelegate.swift in Sources */ = {isa = PBXBuildFile; fileRef = C3BB77912AB7DE52004B0049 /* AppDelegate.swift */; };
		C3BB77942AB7DE52004B0049 /* SceneDelegate.swift in Sources */ = {isa = PBXBuildFile; fileRef = C3BB77932AB7DE52004B0049 /* SceneDelegate.swift */; };
		C3BB77962AB7DE52004B0049 /* ViewController.swift in Sources */ = {isa = PBXBuildFile; fileRef = C3BB77952AB7DE52004B0049 /* ViewController.swift */; };
		C3BB77992AB7DE52004B0049 /* Main.storyboard in Resources */ = {isa = PBXBuildFile; fileRef = C3BB77972AB7DE52004B0049 /* Main.storyboard */; };
		C3BB779B2AB7DE56004B0049 /* Assets.xcassets in Resources */ = {isa = PBXBuildFile; fileRef = C3BB779A2AB7DE56004B0049 /* Assets.xcassets */; };
		C3BB779E2AB7DE56004B0049 /* LaunchScreen.storyboard in Resources */ = {isa = PBXBuildFile; fileRef = C3BB779C2AB7DE56004B0049 /* LaunchScreen.storyboard */; };
		C3BB77A72AB7E80F004B0049 /* loginView.png in Resources */ = {isa = PBXBuildFile; fileRef = C3BB77A62AB7E80E004B0049 /* loginView.png */; };
		C3BB77A92AB7E83E004B0049 /* LoginViewController.swift in Sources */ = {isa = PBXBuildFile; fileRef = C3BB77A82AB7E83E004B0049 /* LoginViewController.swift */; };
		C3BB77AC2AB7F49A004B0049 /* MainViewController.swift in Sources */ = {isa = PBXBuildFile; fileRef = C3BB77AB2AB7F49A004B0049 /* MainViewController.swift */; };
		C3BB77AE2AB7F6A5004B0049 /* MainTableViewController.swift in Sources */ = {isa = PBXBuildFile; fileRef = C3BB77AD2AB7F6A5004B0049 /* MainTableViewController.swift */; };
		C3BB77B52AB81BB1004B0049 /* DetailViewController.swift in Sources */ = {isa = PBXBuildFile; fileRef = C3BB77B42AB81BB1004B0049 /* DetailViewController.swift */; };
		C3E1C9852ABAD559006F51A4 /* login.png in Resources */ = {isa = PBXBuildFile; fileRef = C3E1C9842ABAD559006F51A4 /* login.png */; };
		C3E1C9872ABC782A006F51A4 /* loding.png in Resources */ = {isa = PBXBuildFile; fileRef = C3E1C9862ABC782A006F51A4 /* loding.png */; };
		E0681C2F2AC2B26D00864BB9 /* FirebaseAnalytics in Frameworks */ = {isa = PBXBuildFile; productRef = E0681C2E2AC2B26D00864BB9 /* FirebaseAnalytics */; };
		E0681C312AC2B26D00864BB9 /* FirebaseDatabase in Frameworks */ = {isa = PBXBuildFile; productRef = E0681C302AC2B26D00864BB9 /* FirebaseDatabase */; };
		E0681C332AC2B26D00864BB9 /* FirebaseFirestore in Frameworks */ = {isa = PBXBuildFile; productRef = E0681C322AC2B26D00864BB9 /* FirebaseFirestore */; };
		E0681C352AC2B91400864BB9 /* YJsteamJSONModel.swift in Sources */ = {isa = PBXBuildFile; fileRef = E0681C342AC2B91400864BB9 /* YJsteamJSONModel.swift */; };
		E0681C372AC2B93B00864BB9 /* YJsteamDBModel.swift in Sources */ = {isa = PBXBuildFile; fileRef = E0681C362AC2B93B00864BB9 /* YJsteamDBModel.swift */; };
		E0681C3A2AC2B9C100864BB9 /* YJsteamQueryModel.swift in Sources */ = {isa = PBXBuildFile; fileRef = E0681C392AC2B9C100864BB9 /* YJsteamQueryModel.swift */; };
		E0681C3D2AC2B9EF00864BB9 /* YJheaderImageQueryModel.swift in Sources */ = {isa = PBXBuildFile; fileRef = E0681C3C2AC2B9EF00864BB9 /* YJheaderImageQueryModel.swift */; };
		E0681C3F2AC2BA3500864BB9 /* YJsteamUserInfoModel.swift in Sources */ = {isa = PBXBuildFile; fileRef = E0681C3E2AC2BA3500864BB9 /* YJsteamUserInfoModel.swift */; };
		E0681C412AC2BAC700864BB9 /* YJFireBaseSteamDBModel.swift in Sources */ = {isa = PBXBuildFile; fileRef = E0681C402AC2BAC700864BB9 /* YJFireBaseSteamDBModel.swift */; };
		E0681C432AC2BAE200864BB9 /* YJFireBaseSteamMessage.swift in Sources */ = {isa = PBXBuildFile; fileRef = E0681C422AC2BAE200864BB9 /* YJFireBaseSteamMessage.swift */; };
		E0681C452AC2BB0800864BB9 /* YJFireBaseSteamInsertModel.swift in Sources */ = {isa = PBXBuildFile; fileRef = E0681C442AC2BB0800864BB9 /* YJFireBaseSteamInsertModel.swift */; };
		E0681C472AC2BB5200864BB9 /* YJFireBaseSteamQueryModelProtocol.swift in Sources */ = {isa = PBXBuildFile; fileRef = E0681C462AC2BB5200864BB9 /* YJFireBaseSteamQueryModelProtocol.swift */; };
		E0681C492AC2BC6400864BB9 /* YJSteamGameInfoViewController.swift in Sources */ = {isa = PBXBuildFile; fileRef = E0681C482AC2BC6400864BB9 /* YJSteamGameInfoViewController.swift */; };
		E0681C4D2AC2BD2300864BB9 /* YJsteamTableViewController.swift in Sources */ = {isa = PBXBuildFile; fileRef = E0681C4C2AC2BD2300864BB9 /* YJsteamTableViewController.swift */; };
		E0681C4F2AC2BE4700864BB9 /* YJsteamTableViewCell.swift in Sources */ = {isa = PBXBuildFile; fileRef = E0681C4E2AC2BE4700864BB9 /* YJsteamTableViewCell.swift */; };
		E0681C512AC2C3E200864BB9 /* GoogleService-Info.plist in Resources */ = {isa = PBXBuildFile; fileRef = E0681C502AC2C3E100864BB9 /* GoogleService-Info.plist */; };
		E0681C552AC2C5F800864BB9 /* YJFireBaseSteamTableViewController.swift in Sources */ = {isa = PBXBuildFile; fileRef = E0681C542AC2C5F800864BB9 /* YJFireBaseSteamTableViewController.swift */; };
		E0681C572AC2C7A500864BB9 /* YJFireBaseSteamTableViewCell.swift in Sources */ = {isa = PBXBuildFile; fileRef = E0681C562AC2C7A500864BB9 /* YJFireBaseSteamTableViewCell.swift */; };
		E07E7D9C2AD1E3A300D3830E /* YJFirebaseSteamGameInfoViewController.swift in Sources */ = {isa = PBXBuildFile; fileRef = E07E7D9B2AD1E3A300D3830E /* YJFirebaseSteamGameInfoViewController.swift */; };
/* End PBXBuildFile section */

/* Begin PBXFileReference section */
		329F64232AC3F69F00B88D72 /* OwnDetailModel.swift */ = {isa = PBXFileReference; lastKnownFileType = sourcecode.swift; path = OwnDetailModel.swift; sourceTree = "<group>"; };
		32B23F492AC2A4C500F89DF7 /* OwnModel.swift */ = {isa = PBXFileReference; lastKnownFileType = sourcecode.swift; path = OwnModel.swift; sourceTree = "<group>"; };
		32B23F4D2AC2A4F200F89DF7 /* OwnJSONModel.swift */ = {isa = PBXFileReference; lastKnownFileType = sourcecode.swift; path = OwnJSONModel.swift; sourceTree = "<group>"; };
		32B23F4F2AC2A51100F89DF7 /* OwnQueryModel.swift */ = {isa = PBXFileReference; lastKnownFileType = sourcecode.swift; path = OwnQueryModel.swift; sourceTree = "<group>"; };
		32B23F512AC2A54B00F89DF7 /* OwnHeaderImageModel.swift */ = {isa = PBXFileReference; lastKnownFileType = sourcecode.swift; path = OwnHeaderImageModel.swift; sourceTree = "<group>"; };
		32B23F532AC2A56A00F89DF7 /* OwnViewController.swift */ = {isa = PBXFileReference; lastKnownFileType = sourcecode.swift; path = OwnViewController.swift; sourceTree = "<group>"; };
		32B23F552AC2A91800F89DF7 /* OwnCollectionViewCell.swift */ = {isa = PBXFileReference; lastKnownFileType = sourcecode.swift; path = OwnCollectionViewCell.swift; sourceTree = "<group>"; };
		32B23F5B2AC2E50000F89DF7 /* OwnDetailViewController.swift */ = {isa = PBXFileReference; lastKnownFileType = sourcecode.swift; path = OwnDetailViewController.swift; sourceTree = "<group>"; };
		C32012692AB94AAB00DA7360 /* MainTableViewCell.swift */ = {isa = PBXFileReference; lastKnownFileType = sourcecode.swift; path = MainTableViewCell.swift; sourceTree = "<group>"; };
		C320126F2AB967D200DA7360 /* MainDBModel.swift */ = {isa = PBXFileReference; lastKnownFileType = sourcecode.swift; path = MainDBModel.swift; sourceTree = "<group>"; };
		C32012712AB96A2900DA7360 /* MainQueryModel.swift */ = {isa = PBXFileReference; lastKnownFileType = sourcecode.swift; path = MainQueryModel.swift; sourceTree = "<group>"; };
		C32012732AB96D2500DA7360 /* MainJSONModel.swift */ = {isa = PBXFileReference; lastKnownFileType = sourcecode.swift; path = MainJSONModel.swift; sourceTree = "<group>"; };
		C3BB778E2AB7DE52004B0049 /* steamproject.app */ = {isa = PBXFileReference; explicitFileType = wrapper.application; includeInIndex = 0; path = steamproject.app; sourceTree = BUILT_PRODUCTS_DIR; };
		C3BB77912AB7DE52004B0049 /* AppDelegate.swift */ = {isa = PBXFileReference; lastKnownFileType = sourcecode.swift; path = AppDelegate.swift; sourceTree = "<group>"; };
		C3BB77932AB7DE52004B0049 /* SceneDelegate.swift */ = {isa = PBXFileReference; lastKnownFileType = sourcecode.swift; path = SceneDelegate.swift; sourceTree = "<group>"; };
		C3BB77952AB7DE52004B0049 /* ViewController.swift */ = {isa = PBXFileReference; lastKnownFileType = sourcecode.swift; path = ViewController.swift; sourceTree = "<group>"; };
		C3BB77982AB7DE52004B0049 /* Base */ = {isa = PBXFileReference; lastKnownFileType = file.storyboard; name = Base; path = Base.lproj/Main.storyboard; sourceTree = "<group>"; };
		C3BB779A2AB7DE56004B0049 /* Assets.xcassets */ = {isa = PBXFileReference; lastKnownFileType = folder.assetcatalog; path = Assets.xcassets; sourceTree = "<group>"; };
		C3BB779D2AB7DE56004B0049 /* Base */ = {isa = PBXFileReference; lastKnownFileType = file.storyboard; name = Base; path = Base.lproj/LaunchScreen.storyboard; sourceTree = "<group>"; };
		C3BB779F2AB7DE56004B0049 /* Info.plist */ = {isa = PBXFileReference; lastKnownFileType = text.plist.xml; path = Info.plist; sourceTree = "<group>"; };
		C3BB77A62AB7E80E004B0049 /* loginView.png */ = {isa = PBXFileReference; lastKnownFileType = image.png; path = loginView.png; sourceTree = "<group>"; };
		C3BB77A82AB7E83E004B0049 /* LoginViewController.swift */ = {isa = PBXFileReference; lastKnownFileType = sourcecode.swift; path = LoginViewController.swift; sourceTree = "<group>"; };
		C3BB77AB2AB7F49A004B0049 /* MainViewController.swift */ = {isa = PBXFileReference; lastKnownFileType = sourcecode.swift; path = MainViewController.swift; sourceTree = "<group>"; };
		C3BB77AD2AB7F6A5004B0049 /* MainTableViewController.swift */ = {isa = PBXFileReference; lastKnownFileType = sourcecode.swift; path = MainTableViewController.swift; sourceTree = "<group>"; };
		C3BB77B42AB81BB1004B0049 /* DetailViewController.swift */ = {isa = PBXFileReference; lastKnownFileType = sourcecode.swift; path = DetailViewController.swift; sourceTree = "<group>"; };
		C3E1C9842ABAD559006F51A4 /* login.png */ = {isa = PBXFileReference; lastKnownFileType = image.png; path = login.png; sourceTree = "<group>"; };
		C3E1C9862ABC782A006F51A4 /* loding.png */ = {isa = PBXFileReference; lastKnownFileType = image.png; path = loding.png; sourceTree = "<group>"; };
		E0681C342AC2B91400864BB9 /* YJsteamJSONModel.swift */ = {isa = PBXFileReference; lastKnownFileType = sourcecode.swift; path = YJsteamJSONModel.swift; sourceTree = "<group>"; };
		E0681C362AC2B93B00864BB9 /* YJsteamDBModel.swift */ = {isa = PBXFileReference; lastKnownFileType = sourcecode.swift; path = YJsteamDBModel.swift; sourceTree = "<group>"; };
		E0681C392AC2B9C100864BB9 /* YJsteamQueryModel.swift */ = {isa = PBXFileReference; lastKnownFileType = sourcecode.swift; path = YJsteamQueryModel.swift; sourceTree = "<group>"; };
		E0681C3C2AC2B9EF00864BB9 /* YJheaderImageQueryModel.swift */ = {isa = PBXFileReference; lastKnownFileType = sourcecode.swift; path = YJheaderImageQueryModel.swift; sourceTree = "<group>"; };
		E0681C3E2AC2BA3500864BB9 /* YJsteamUserInfoModel.swift */ = {isa = PBXFileReference; lastKnownFileType = sourcecode.swift; path = YJsteamUserInfoModel.swift; sourceTree = "<group>"; };
		E0681C402AC2BAC700864BB9 /* YJFireBaseSteamDBModel.swift */ = {isa = PBXFileReference; lastKnownFileType = sourcecode.swift; path = YJFireBaseSteamDBModel.swift; sourceTree = "<group>"; };
		E0681C422AC2BAE200864BB9 /* YJFireBaseSteamMessage.swift */ = {isa = PBXFileReference; lastKnownFileType = sourcecode.swift; path = YJFireBaseSteamMessage.swift; sourceTree = "<group>"; };
		E0681C442AC2BB0800864BB9 /* YJFireBaseSteamInsertModel.swift */ = {isa = PBXFileReference; lastKnownFileType = sourcecode.swift; path = YJFireBaseSteamInsertModel.swift; sourceTree = "<group>"; };
		E0681C462AC2BB5200864BB9 /* YJFireBaseSteamQueryModelProtocol.swift */ = {isa = PBXFileReference; lastKnownFileType = sourcecode.swift; path = YJFireBaseSteamQueryModelProtocol.swift; sourceTree = "<group>"; };
		E0681C482AC2BC6400864BB9 /* YJSteamGameInfoViewController.swift */ = {isa = PBXFileReference; lastKnownFileType = sourcecode.swift; path = YJSteamGameInfoViewController.swift; sourceTree = "<group>"; };
		E0681C4C2AC2BD2300864BB9 /* YJsteamTableViewController.swift */ = {isa = PBXFileReference; lastKnownFileType = sourcecode.swift; path = YJsteamTableViewController.swift; sourceTree = "<group>"; };
		E0681C4E2AC2BE4700864BB9 /* YJsteamTableViewCell.swift */ = {isa = PBXFileReference; lastKnownFileType = sourcecode.swift; path = YJsteamTableViewCell.swift; sourceTree = "<group>"; };
		E0681C502AC2C3E100864BB9 /* GoogleService-Info.plist */ = {isa = PBXFileReference; fileEncoding = 4; lastKnownFileType = text.plist.xml; path = "GoogleService-Info.plist"; sourceTree = "<group>"; };
		E0681C542AC2C5F800864BB9 /* YJFireBaseSteamTableViewController.swift */ = {isa = PBXFileReference; lastKnownFileType = sourcecode.swift; path = YJFireBaseSteamTableViewController.swift; sourceTree = "<group>"; };
		E0681C562AC2C7A500864BB9 /* YJFireBaseSteamTableViewCell.swift */ = {isa = PBXFileReference; lastKnownFileType = sourcecode.swift; path = YJFireBaseSteamTableViewCell.swift; sourceTree = "<group>"; };
		E07E7D9B2AD1E3A300D3830E /* YJFirebaseSteamGameInfoViewController.swift */ = {isa = PBXFileReference; lastKnownFileType = sourcecode.swift; path = YJFirebaseSteamGameInfoViewController.swift; sourceTree = "<group>"; };
/* End PBXFileReference section */

/* Begin PBXFrameworksBuildPhase section */
		C3BB778B2AB7DE52004B0049 /* Frameworks */ = {
			isa = PBXFrameworksBuildPhase;
			buildActionMask = 2147483647;
			files = (
				E0681C312AC2B26D00864BB9 /* FirebaseDatabase in Frameworks */,
				E0681C2F2AC2B26D00864BB9 /* FirebaseAnalytics in Frameworks */,
				E0681C332AC2B26D00864BB9 /* FirebaseFirestore in Frameworks */,
			);
			runOnlyForDeploymentPostprocessing = 0;
		};
/* End PBXFrameworksBuildPhase section */

/* Begin PBXGroup section */
		C320126C2AB9678200DA7360 /* Model */ = {
			isa = PBXGroup;
			children = (
				C320126F2AB967D200DA7360 /* MainDBModel.swift */,
				C32012712AB96A2900DA7360 /* MainQueryModel.swift */,
				C32012732AB96D2500DA7360 /* MainJSONModel.swift */,
				32B23F492AC2A4C500F89DF7 /* OwnModel.swift */,
				32B23F4D2AC2A4F200F89DF7 /* OwnJSONModel.swift */,
				32B23F4F2AC2A51100F89DF7 /* OwnQueryModel.swift */,
				32B23F512AC2A54B00F89DF7 /* OwnHeaderImageModel.swift */,
				329F64232AC3F69F00B88D72 /* OwnDetailModel.swift */,
				E0681C342AC2B91400864BB9 /* YJsteamJSONModel.swift */,
				E0681C362AC2B93B00864BB9 /* YJsteamDBModel.swift */,
				E0681C392AC2B9C100864BB9 /* YJsteamQueryModel.swift */,
				E0681C3C2AC2B9EF00864BB9 /* YJheaderImageQueryModel.swift */,
				E0681C3E2AC2BA3500864BB9 /* YJsteamUserInfoModel.swift */,
				E0681C402AC2BAC700864BB9 /* YJFireBaseSteamDBModel.swift */,
				E0681C422AC2BAE200864BB9 /* YJFireBaseSteamMessage.swift */,
				E0681C442AC2BB0800864BB9 /* YJFireBaseSteamInsertModel.swift */,
				E0681C462AC2BB5200864BB9 /* YJFireBaseSteamQueryModelProtocol.swift */,
			);
			path = Model;
			sourceTree = "<group>";
		};
		C3BB77852AB7DE52004B0049 = {
			isa = PBXGroup;
			children = (
				C3BB77902AB7DE52004B0049 /* steamproject */,
				C3BB778F2AB7DE52004B0049 /* Products */,
			);
			sourceTree = "<group>";
		};
		C3BB778F2AB7DE52004B0049 /* Products */ = {
			isa = PBXGroup;
			children = (
				C3BB778E2AB7DE52004B0049 /* steamproject.app */,
			);
			name = Products;
			sourceTree = "<group>";
		};
		C3BB77902AB7DE52004B0049 /* steamproject */ = {
			isa = PBXGroup;
			children = (
				C320126C2AB9678200DA7360 /* Model */,
				C3BB77AF2AB81AFA004B0049 /* view */,
				C3BB77A52AB7E7BE004B0049 /* images */,
				C3BB77912AB7DE52004B0049 /* AppDelegate.swift */,
				C3BB77932AB7DE52004B0049 /* SceneDelegate.swift */,
				C3BB77952AB7DE52004B0049 /* ViewController.swift */,
				C3BB77972AB7DE52004B0049 /* Main.storyboard */,
				C3BB779A2AB7DE56004B0049 /* Assets.xcassets */,
				C3BB779C2AB7DE56004B0049 /* LaunchScreen.storyboard */,
				C3BB779F2AB7DE56004B0049 /* Info.plist */,
				E0681C502AC2C3E100864BB9 /* GoogleService-Info.plist */,
				C3BB77AB2AB7F49A004B0049 /* MainViewController.swift */,
			);
			path = steamproject;
			sourceTree = "<group>";
		};
		C3BB77A52AB7E7BE004B0049 /* images */ = {
			isa = PBXGroup;
			children = (
				C3E1C9862ABC782A006F51A4 /* loding.png */,
				C3E1C9842ABAD559006F51A4 /* login.png */,
				C3BB77A62AB7E80E004B0049 /* loginView.png */,
			);
			path = images;
			sourceTree = "<group>";
		};
		C3BB77AF2AB81AFA004B0049 /* view */ = {
			isa = PBXGroup;
			children = (
				C3BB77AD2AB7F6A5004B0049 /* MainTableViewController.swift */,
				C3BB77A82AB7E83E004B0049 /* LoginViewController.swift */,
				C3BB77B42AB81BB1004B0049 /* DetailViewController.swift */,
				C32012692AB94AAB00DA7360 /* MainTableViewCell.swift */,
				32B23F532AC2A56A00F89DF7 /* OwnViewController.swift */,
				32B23F552AC2A91800F89DF7 /* OwnCollectionViewCell.swift */,
				32B23F5B2AC2E50000F89DF7 /* OwnDetailViewController.swift */,
				E0681C482AC2BC6400864BB9 /* YJSteamGameInfoViewController.swift */,
				E0681C4E2AC2BE4700864BB9 /* YJsteamTableViewCell.swift */,
				E0681C4C2AC2BD2300864BB9 /* YJsteamTableViewController.swift */,
				E0681C542AC2C5F800864BB9 /* YJFireBaseSteamTableViewController.swift */,
				E0681C562AC2C7A500864BB9 /* YJFireBaseSteamTableViewCell.swift */,
				E07E7D9B2AD1E3A300D3830E /* YJFirebaseSteamGameInfoViewController.swift */,
			);
			path = view;
			sourceTree = "<group>";
		};
/* End PBXGroup section */

/* Begin PBXNativeTarget section */
		C3BB778D2AB7DE52004B0049 /* steamproject */ = {
			isa = PBXNativeTarget;
			buildConfigurationList = C3BB77A22AB7DE56004B0049 /* Build configuration list for PBXNativeTarget "steamproject" */;
			buildPhases = (
				C3BB778A2AB7DE52004B0049 /* Sources */,
				C3BB778B2AB7DE52004B0049 /* Frameworks */,
				C3BB778C2AB7DE52004B0049 /* Resources */,
			);
			buildRules = (
			);
			dependencies = (
			);
			name = steamproject;
			packageProductDependencies = (
				E0681C2E2AC2B26D00864BB9 /* FirebaseAnalytics */,
				E0681C302AC2B26D00864BB9 /* FirebaseDatabase */,
				E0681C322AC2B26D00864BB9 /* FirebaseFirestore */,
			);
			productName = steamproject;
			productReference = C3BB778E2AB7DE52004B0049 /* steamproject.app */;
			productType = "com.apple.product-type.application";
		};
/* End PBXNativeTarget section */

/* Begin PBXProject section */
		C3BB77862AB7DE52004B0049 /* Project object */ = {
			isa = PBXProject;
			attributes = {
				BuildIndependentTargetsInParallel = 1;
				LastSwiftUpdateCheck = 1430;
				LastUpgradeCheck = 1430;
				TargetAttributes = {
					C3BB778D2AB7DE52004B0049 = {
						CreatedOnToolsVersion = 14.3.1;
					};
				};
			};
			buildConfigurationList = C3BB77892AB7DE52004B0049 /* Build configuration list for PBXProject "steamproject" */;
			compatibilityVersion = "Xcode 14.0";
			developmentRegion = en;
			hasScannedForEncodings = 0;
			knownRegions = (
				en,
				Base,
			);
			mainGroup = C3BB77852AB7DE52004B0049;
			packageReferences = (
				E0681C2D2AC2B26D00864BB9 /* XCRemoteSwiftPackageReference "firebase-ios-sdk" */,
			);
			productRefGroup = C3BB778F2AB7DE52004B0049 /* Products */;
			projectDirPath = "";
			projectRoot = "";
			targets = (
				C3BB778D2AB7DE52004B0049 /* steamproject */,
			);
		};
/* End PBXProject section */

/* Begin PBXResourcesBuildPhase section */
		C3BB778C2AB7DE52004B0049 /* Resources */ = {
			isa = PBXResourcesBuildPhase;
			buildActionMask = 2147483647;
			files = (
				C3E1C9872ABC782A006F51A4 /* loding.png in Resources */,
				C3BB77A72AB7E80F004B0049 /* loginView.png in Resources */,
				C3E1C9852ABAD559006F51A4 /* login.png in Resources */,
				C3BB779E2AB7DE56004B0049 /* LaunchScreen.storyboard in Resources */,
				C3BB779B2AB7DE56004B0049 /* Assets.xcassets in Resources */,
				C3BB77992AB7DE52004B0049 /* Main.storyboard in Resources */,
				E0681C512AC2C3E200864BB9 /* GoogleService-Info.plist in Resources */,
			);
			runOnlyForDeploymentPostprocessing = 0;
		};
/* End PBXResourcesBuildPhase section */

/* Begin PBXSourcesBuildPhase section */
		C3BB778A2AB7DE52004B0049 /* Sources */ = {
			isa = PBXSourcesBuildPhase;
			buildActionMask = 2147483647;
			files = (
				E0681C552AC2C5F800864BB9 /* YJFireBaseSteamTableViewController.swift in Sources */,
				C3BB77B52AB81BB1004B0049 /* DetailViewController.swift in Sources */,
				32B23F562AC2A91800F89DF7 /* OwnCollectionViewCell.swift in Sources */,
				C3BB77A92AB7E83E004B0049 /* LoginViewController.swift in Sources */,
				E0681C352AC2B91400864BB9 /* YJsteamJSONModel.swift in Sources */,
				E07E7D9C2AD1E3A300D3830E /* YJFirebaseSteamGameInfoViewController.swift in Sources */,
				32B23F522AC2A54B00F89DF7 /* OwnHeaderImageModel.swift in Sources */,
				E0681C472AC2BB5200864BB9 /* YJFireBaseSteamQueryModelProtocol.swift in Sources */,
				C32012702AB967D200DA7360 /* MainDBModel.swift in Sources */,
				C32012742AB96D2500DA7360 /* MainJSONModel.swift in Sources */,
				32B23F542AC2A56A00F89DF7 /* OwnViewController.swift in Sources */,
				C3BB77962AB7DE52004B0049 /* ViewController.swift in Sources */,
				E0681C372AC2B93B00864BB9 /* YJsteamDBModel.swift in Sources */,
				E0681C432AC2BAE200864BB9 /* YJFireBaseSteamMessage.swift in Sources */,
				E0681C412AC2BAC700864BB9 /* YJFireBaseSteamDBModel.swift in Sources */,
				E0681C3D2AC2B9EF00864BB9 /* YJheaderImageQueryModel.swift in Sources */,
				E0681C492AC2BC6400864BB9 /* YJSteamGameInfoViewController.swift in Sources */,
				C320126A2AB94AAB00DA7360 /* MainTableViewCell.swift in Sources */,
				32B23F4A2AC2A4C500F89DF7 /* OwnModel.swift in Sources */,
				C3BB77922AB7DE52004B0049 /* AppDelegate.swift in Sources */,
				C3BB77942AB7DE52004B0049 /* SceneDelegate.swift in Sources */,
				E0681C452AC2BB0800864BB9 /* YJFireBaseSteamInsertModel.swift in Sources */,
				E0681C3A2AC2B9C100864BB9 /* YJsteamQueryModel.swift in Sources */,
				E0681C4D2AC2BD2300864BB9 /* YJsteamTableViewController.swift in Sources */,
				329F64242AC3F69F00B88D72 /* OwnDetailModel.swift in Sources */,
				E0681C3F2AC2BA3500864BB9 /* YJsteamUserInfoModel.swift in Sources */,
				C3BB77AE2AB7F6A5004B0049 /* MainTableViewController.swift in Sources */,
				C3BB77AC2AB7F49A004B0049 /* MainViewController.swift in Sources */,
				32B23F502AC2A51100F89DF7 /* OwnQueryModel.swift in Sources */,
				E0681C572AC2C7A500864BB9 /* YJFireBaseSteamTableViewCell.swift in Sources */,
				E0681C4F2AC2BE4700864BB9 /* YJsteamTableViewCell.swift in Sources */,
				32B23F4E2AC2A4F200F89DF7 /* OwnJSONModel.swift in Sources */,
				32B23F5C2AC2E50000F89DF7 /* OwnDetailViewController.swift in Sources */,
				C32012722AB96A2900DA7360 /* MainQueryModel.swift in Sources */,
			);
			runOnlyForDeploymentPostprocessing = 0;
		};
/* End PBXSourcesBuildPhase section */

/* Begin PBXVariantGroup section */
		C3BB77972AB7DE52004B0049 /* Main.storyboard */ = {
			isa = PBXVariantGroup;
			children = (
				C3BB77982AB7DE52004B0049 /* Base */,
			);
			name = Main.storyboard;
			sourceTree = "<group>";
		};
		C3BB779C2AB7DE56004B0049 /* LaunchScreen.storyboard */ = {
			isa = PBXVariantGroup;
			children = (
				C3BB779D2AB7DE56004B0049 /* Base */,
			);
			name = LaunchScreen.storyboard;
			sourceTree = "<group>";
		};
/* End PBXVariantGroup section */

/* Begin XCBuildConfiguration section */
		C3BB77A02AB7DE56004B0049 /* Debug */ = {
			isa = XCBuildConfiguration;
			buildSettings = {
				ALWAYS_SEARCH_USER_PATHS = NO;
				CLANG_ANALYZER_NONNULL = YES;
				CLANG_ANALYZER_NUMBER_OBJECT_CONVERSION = YES_AGGRESSIVE;
				CLANG_CXX_LANGUAGE_STANDARD = "gnu++20";
				CLANG_ENABLE_MODULES = YES;
				CLANG_ENABLE_OBJC_ARC = YES;
				CLANG_ENABLE_OBJC_WEAK = YES;
				CLANG_WARN_BLOCK_CAPTURE_AUTORELEASING = YES;
				CLANG_WARN_BOOL_CONVERSION = YES;
				CLANG_WARN_COMMA = YES;
				CLANG_WARN_CONSTANT_CONVERSION = YES;
				CLANG_WARN_DEPRECATED_OBJC_IMPLEMENTATIONS = YES;
				CLANG_WARN_DIRECT_OBJC_ISA_USAGE = YES_ERROR;
				CLANG_WARN_DOCUMENTATION_COMMENTS = YES;
				CLANG_WARN_EMPTY_BODY = YES;
				CLANG_WARN_ENUM_CONVERSION = YES;
				CLANG_WARN_INFINITE_RECURSION = YES;
				CLANG_WARN_INT_CONVERSION = YES;
				CLANG_WARN_NON_LITERAL_NULL_CONVERSION = YES;
				CLANG_WARN_OBJC_IMPLICIT_RETAIN_SELF = YES;
				CLANG_WARN_OBJC_LITERAL_CONVERSION = YES;
				CLANG_WARN_OBJC_ROOT_CLASS = YES_ERROR;
				CLANG_WARN_QUOTED_INCLUDE_IN_FRAMEWORK_HEADER = YES;
				CLANG_WARN_RANGE_LOOP_ANALYSIS = YES;
				CLANG_WARN_STRICT_PROTOTYPES = YES;
				CLANG_WARN_SUSPICIOUS_MOVE = YES;
				CLANG_WARN_UNGUARDED_AVAILABILITY = YES_AGGRESSIVE;
				CLANG_WARN_UNREACHABLE_CODE = YES;
				CLANG_WARN__DUPLICATE_METHOD_MATCH = YES;
				COPY_PHASE_STRIP = NO;
				DEBUG_INFORMATION_FORMAT = dwarf;
				ENABLE_STRICT_OBJC_MSGSEND = YES;
				ENABLE_TESTABILITY = YES;
				GCC_C_LANGUAGE_STANDARD = gnu11;
				GCC_DYNAMIC_NO_PIC = NO;
				GCC_NO_COMMON_BLOCKS = YES;
				GCC_OPTIMIZATION_LEVEL = 0;
				GCC_PREPROCESSOR_DEFINITIONS = (
					"DEBUG=1",
					"$(inherited)",
				);
				GCC_WARN_64_TO_32_BIT_CONVERSION = YES;
				GCC_WARN_ABOUT_RETURN_TYPE = YES_ERROR;
				GCC_WARN_UNDECLARED_SELECTOR = YES;
				GCC_WARN_UNINITIALIZED_AUTOS = YES_AGGRESSIVE;
				GCC_WARN_UNUSED_FUNCTION = YES;
				GCC_WARN_UNUSED_VARIABLE = YES;
				IPHONEOS_DEPLOYMENT_TARGET = 16.4;
				MTL_ENABLE_DEBUG_INFO = INCLUDE_SOURCE;
				MTL_FAST_MATH = YES;
				ONLY_ACTIVE_ARCH = YES;
				SDKROOT = iphoneos;
				SWIFT_ACTIVE_COMPILATION_CONDITIONS = DEBUG;
				SWIFT_OPTIMIZATION_LEVEL = "-Onone";
			};
			name = Debug;
		};
		C3BB77A12AB7DE56004B0049 /* Release */ = {
			isa = XCBuildConfiguration;
			buildSettings = {
				ALWAYS_SEARCH_USER_PATHS = NO;
				CLANG_ANALYZER_NONNULL = YES;
				CLANG_ANALYZER_NUMBER_OBJECT_CONVERSION = YES_AGGRESSIVE;
				CLANG_CXX_LANGUAGE_STANDARD = "gnu++20";
				CLANG_ENABLE_MODULES = YES;
				CLANG_ENABLE_OBJC_ARC = YES;
				CLANG_ENABLE_OBJC_WEAK = YES;
				CLANG_WARN_BLOCK_CAPTURE_AUTORELEASING = YES;
				CLANG_WARN_BOOL_CONVERSION = YES;
				CLANG_WARN_COMMA = YES;
				CLANG_WARN_CONSTANT_CONVERSION = YES;
				CLANG_WARN_DEPRECATED_OBJC_IMPLEMENTATIONS = YES;
				CLANG_WARN_DIRECT_OBJC_ISA_USAGE = YES_ERROR;
				CLANG_WARN_DOCUMENTATION_COMMENTS = YES;
				CLANG_WARN_EMPTY_BODY = YES;
				CLANG_WARN_ENUM_CONVERSION = YES;
				CLANG_WARN_INFINITE_RECURSION = YES;
				CLANG_WARN_INT_CONVERSION = YES;
				CLANG_WARN_NON_LITERAL_NULL_CONVERSION = YES;
				CLANG_WARN_OBJC_IMPLICIT_RETAIN_SELF = YES;
				CLANG_WARN_OBJC_LITERAL_CONVERSION = YES;
				CLANG_WARN_OBJC_ROOT_CLASS = YES_ERROR;
				CLANG_WARN_QUOTED_INCLUDE_IN_FRAMEWORK_HEADER = YES;
				CLANG_WARN_RANGE_LOOP_ANALYSIS = YES;
				CLANG_WARN_STRICT_PROTOTYPES = YES;
				CLANG_WARN_SUSPICIOUS_MOVE = YES;
				CLANG_WARN_UNGUARDED_AVAILABILITY = YES_AGGRESSIVE;
				CLANG_WARN_UNREACHABLE_CODE = YES;
				CLANG_WARN__DUPLICATE_METHOD_MATCH = YES;
				COPY_PHASE_STRIP = NO;
				DEBUG_INFORMATION_FORMAT = "dwarf-with-dsym";
				ENABLE_NS_ASSERTIONS = NO;
				ENABLE_STRICT_OBJC_MSGSEND = YES;
				GCC_C_LANGUAGE_STANDARD = gnu11;
				GCC_NO_COMMON_BLOCKS = YES;
				GCC_WARN_64_TO_32_BIT_CONVERSION = YES;
				GCC_WARN_ABOUT_RETURN_TYPE = YES_ERROR;
				GCC_WARN_UNDECLARED_SELECTOR = YES;
				GCC_WARN_UNINITIALIZED_AUTOS = YES_AGGRESSIVE;
				GCC_WARN_UNUSED_FUNCTION = YES;
				GCC_WARN_UNUSED_VARIABLE = YES;
				IPHONEOS_DEPLOYMENT_TARGET = 16.4;
				MTL_ENABLE_DEBUG_INFO = NO;
				MTL_FAST_MATH = YES;
				SDKROOT = iphoneos;
				SWIFT_COMPILATION_MODE = wholemodule;
				SWIFT_OPTIMIZATION_LEVEL = "-O";
				VALIDATE_PRODUCT = YES;
			};
			name = Release;
		};
		C3BB77A32AB7DE56004B0049 /* Debug */ = {
			isa = XCBuildConfiguration;
			buildSettings = {
				ASSETCATALOG_COMPILER_APPICON_NAME = AppIcon;
				ASSETCATALOG_COMPILER_GLOBAL_ACCENT_COLOR_NAME = AccentColor;
				CODE_SIGN_STYLE = Automatic;
				CURRENT_PROJECT_VERSION = 1;
				DEVELOPMENT_TEAM = SB5D7JM5S5;
				GENERATE_INFOPLIST_FILE = YES;
				INFOPLIST_FILE = steamproject/Info.plist;
				INFOPLIST_KEY_UIApplicationSupportsIndirectInputEvents = YES;
				INFOPLIST_KEY_UILaunchStoryboardName = LaunchScreen;
				INFOPLIST_KEY_UIMainStoryboardFile = Main;
				INFOPLIST_KEY_UISupportedInterfaceOrientations_iPad = "UIInterfaceOrientationPortrait UIInterfaceOrientationPortraitUpsideDown UIInterfaceOrientationLandscapeLeft UIInterfaceOrientationLandscapeRight";
				INFOPLIST_KEY_UISupportedInterfaceOrientations_iPhone = "UIInterfaceOrientationPortrait UIInterfaceOrientationLandscapeLeft UIInterfaceOrientationLandscapeRight";
				LD_RUNPATH_SEARCH_PATHS = (
					"$(inherited)",
					"@executable_path/Frameworks",
				);
				MARKETING_VERSION = 1.0;
				PRODUCT_BUNDLE_IDENTIFIER = com.swiftlec.steamproject;
				PRODUCT_NAME = "$(TARGET_NAME)";
				SWIFT_EMIT_LOC_STRINGS = YES;
				SWIFT_VERSION = 5.0;
				TARGETED_DEVICE_FAMILY = "1,2";
			};
			name = Debug;
		};
		C3BB77A42AB7DE56004B0049 /* Release */ = {
			isa = XCBuildConfiguration;
			buildSettings = {
				ASSETCATALOG_COMPILER_APPICON_NAME = AppIcon;
				ASSETCATALOG_COMPILER_GLOBAL_ACCENT_COLOR_NAME = AccentColor;
				CODE_SIGN_STYLE = Automatic;
				CURRENT_PROJECT_VERSION = 1;
				DEVELOPMENT_TEAM = SB5D7JM5S5;
				GENERATE_INFOPLIST_FILE = YES;
				INFOPLIST_FILE = steamproject/Info.plist;
				INFOPLIST_KEY_UIApplicationSupportsIndirectInputEvents = YES;
				INFOPLIST_KEY_UILaunchStoryboardName = LaunchScreen;
				INFOPLIST_KEY_UIMainStoryboardFile = Main;
				INFOPLIST_KEY_UISupportedInterfaceOrientations_iPad = "UIInterfaceOrientationPortrait UIInterfaceOrientationPortraitUpsideDown UIInterfaceOrientationLandscapeLeft UIInterfaceOrientationLandscapeRight";
				INFOPLIST_KEY_UISupportedInterfaceOrientations_iPhone = "UIInterfaceOrientationPortrait UIInterfaceOrientationLandscapeLeft UIInterfaceOrientationLandscapeRight";
				LD_RUNPATH_SEARCH_PATHS = (
					"$(inherited)",
					"@executable_path/Frameworks",
				);
				MARKETING_VERSION = 1.0;
				PRODUCT_BUNDLE_IDENTIFIER = com.swiftlec.steamproject;
				PRODUCT_NAME = "$(TARGET_NAME)";
				SWIFT_EMIT_LOC_STRINGS = YES;
				SWIFT_VERSION = 5.0;
				TARGETED_DEVICE_FAMILY = "1,2";
			};
			name = Release;
		};
/* End XCBuildConfiguration section */

/* Begin XCConfigurationList section */
		C3BB77892AB7DE52004B0049 /* Build configuration list for PBXProject "steamproject" */ = {
			isa = XCConfigurationList;
			buildConfigurations = (
				C3BB77A02AB7DE56004B0049 /* Debug */,
				C3BB77A12AB7DE56004B0049 /* Release */,
			);
			defaultConfigurationIsVisible = 0;
			defaultConfigurationName = Release;
		};
		C3BB77A22AB7DE56004B0049 /* Build configuration list for PBXNativeTarget "steamproject" */ = {
			isa = XCConfigurationList;
			buildConfigurations = (
				C3BB77A32AB7DE56004B0049 /* Debug */,
				C3BB77A42AB7DE56004B0049 /* Release */,
			);
			defaultConfigurationIsVisible = 0;
			defaultConfigurationName = Release;
		};
/* End XCConfigurationList section */

/* Begin XCRemoteSwiftPackageReference section */
		E0681C2D2AC2B26D00864BB9 /* XCRemoteSwiftPackageReference "firebase-ios-sdk" */ = {
			isa = XCRemoteSwiftPackageReference;
			repositoryURL = "https://github.com/firebase/firebase-ios-sdk";
			requirement = {
				kind = upToNextMajorVersion;
				minimumVersion = 10.0.0;
			};
		};
/* End XCRemoteSwiftPackageReference section */

/* Begin XCSwiftPackageProductDependency section */
		E0681C2E2AC2B26D00864BB9 /* FirebaseAnalytics */ = {
			isa = XCSwiftPackageProductDependency;
			package = E0681C2D2AC2B26D00864BB9 /* XCRemoteSwiftPackageReference "firebase-ios-sdk" */;
			productName = FirebaseAnalytics;
		};
		E0681C302AC2B26D00864BB9 /* FirebaseDatabase */ = {
			isa = XCSwiftPackageProductDependency;
			package = E0681C2D2AC2B26D00864BB9 /* XCRemoteSwiftPackageReference "firebase-ios-sdk" */;
			productName = FirebaseDatabase;
		};
		E0681C322AC2B26D00864BB9 /* FirebaseFirestore */ = {
			isa = XCSwiftPackageProductDependency;
			package = E0681C2D2AC2B26D00864BB9 /* XCRemoteSwiftPackageReference "firebase-ios-sdk" */;
			productName = FirebaseFirestore;
		};
/* End XCSwiftPackageProductDependency section */
	};
	rootObject = C3BB77862AB7DE52004B0049 /* Project object */;
}
